
Microsoft Visual Studio Solution File, Format Version 12.00
# Visual Studio 15
VisualStudioVersion = 15.0.27703.2042
MinimumVisualStudioVersion = 10.0.40219.1
Project("{FAE04EC0-301F-11D3-BF4B-00C04F79EFBC}") = "Text To Speech", "Text To Speech.csproj", "{87966682-35EA-4CBF-9086-D9A728FE3DDC}"
EndProject
Global
	GlobalSection(SolutionConfigurationPlatforms) = preSolution
		Debug|Any CPU = Debug|Any CPU
		Release|Any CPU = Release|Any CPU
	EndGlobalSection
	GlobalSection(ProjectConfigurationPlatforms) = postSolution
		{87966682-35EA-4CBF-9086-D9A728FE3DDC}.Debug|Any CPU.ActiveCfg = Debug|Any CPU
		{87966682-35EA-4CBF-9086-D9A728FE3DDC}.Debug|Any CPU.Build.0 = Debug|Any CPU
		{87966682-35EA-4CBF-9086-D9A728FE3DDC}.Release|Any CPU.ActiveCfg = Release|Any CPU
		{87966682-35EA-4CBF-9086-D9A728FE3DDC}.Release|Any CPU.Build.0 = Release|Any CPU
	EndGlobalSection
	GlobalSection(SolutionProperties) = preSolution
		HideSolutionNode = FALSE
	EndGlobalSection
	GlobalSection(ExtensibilityGlobals) = postSolution
		SolutionGuid = {6B527EE8-3B04-45F3-9FFE-897AA4E8B345}
	EndGlobalSection
EndGlobal
